
Microsoft Visual Studio Solution File, Format Version 12.00
# Visual Studio Version 16
VisualStudioVersion = 16.0.30907.101
MinimumVisualStudioVersion = 10.0.40219.1
Project("{FAE04EC0-301F-11D3-BF4B-00C04F79EFBC}") = "Secao15", "Secao15.csproj", "{3A33D073-A94E-4A0F-A37B-AC498F42A618}"
EndProject
Global
	GlobalSection(SolutionConfigurationPlatforms) = preSolution
		Debug|Any CPU = Debug|Any CPU
		Release|Any CPU = Release|Any CPU
	EndGlobalSection
	GlobalSection(ProjectConfigurationPlatforms) = postSolution
		{3A33D073-A94E-4A0F-A37B-AC498F42A618}.Debug|Any CPU.ActiveCfg = Debug|Any CPU
		{3A33D073-A94E-4A0F-A37B-AC498F42A618}.Debug|Any CPU.Build.0 = Debug|Any CPU
		{3A33D073-A94E-4A0F-A37B-AC498F42A618}.Release|Any CPU.ActiveCfg = Release|Any CPU
		{3A33D073-A94E-4A0F-A37B-AC498F42A618}.Release|Any CPU.Build.0 = Release|Any CPU
	EndGlobalSection
	GlobalSection(SolutionProperties) = preSolution
		HideSolutionNode = FALSE
	EndGlobalSection
	GlobalSection(ExtensibilityGlobals) = postSolution
		SolutionGuid = {222D73BD-9201-479F-B7F8-10BF97ED1097}
	EndGlobalSection
EndGlobal
