
Microsoft Visual Studio Solution File, Format Version 12.00
# Visual Studio Version 16
VisualStudioVersion = 16.0.30907.101
MinimumVisualStudioVersion = 10.0.40219.1
Project("{FAE04EC0-301F-11D3-BF4B-00C04F79EFBC}") = "Secao17", "Secao17.csproj", "{A6F6E17C-94EA-4112-B7A2-B154AE44B6BF}"
EndProject
Global
	GlobalSection(SolutionConfigurationPlatforms) = preSolution
		Debug|Any CPU = Debug|Any CPU
		Release|Any CPU = Release|Any CPU
	EndGlobalSection
	GlobalSection(ProjectConfigurationPlatforms) = postSolution
		{A6F6E17C-94EA-4112-B7A2-B154AE44B6BF}.Debug|Any CPU.ActiveCfg = Debug|Any CPU
		{A6F6E17C-94EA-4112-B7A2-B154AE44B6BF}.Debug|Any CPU.Build.0 = Debug|Any CPU
		{A6F6E17C-94EA-4112-B7A2-B154AE44B6BF}.Release|Any CPU.ActiveCfg = Release|Any CPU
		{A6F6E17C-94EA-4112-B7A2-B154AE44B6BF}.Release|Any CPU.Build.0 = Release|Any CPU
	EndGlobalSection
	GlobalSection(SolutionProperties) = preSolution
		HideSolutionNode = FALSE
	EndGlobalSection
	GlobalSection(ExtensibilityGlobals) = postSolution
		SolutionGuid = {76D6F914-0932-4CE6-A12F-1A3B1FD9455F}
	EndGlobalSection
EndGlobal
