
Microsoft Visual Studio Solution File, Format Version 12.00
# Visual Studio Version 16
VisualStudioVersion = 16.0.30907.101
MinimumVisualStudioVersion = 10.0.40219.1
Project("{FAE04EC0-301F-11D3-BF4B-00C04F79EFBC}") = "Secao 7", "Secao 7\Secao 7.csproj", "{CA7CF7EC-4071-4E77-96D7-DFF8E3936B83}"
EndProject
Global
	GlobalSection(SolutionConfigurationPlatforms) = preSolution
		Debug|Any CPU = Debug|Any CPU
		Release|Any CPU = Release|Any CPU
	EndGlobalSection
	GlobalSection(ProjectConfigurationPlatforms) = postSolution
		{CA7CF7EC-4071-4E77-96D7-DFF8E3936B83}.Debug|Any CPU.ActiveCfg = Debug|Any CPU
		{CA7CF7EC-4071-4E77-96D7-DFF8E3936B83}.Debug|Any CPU.Build.0 = Debug|Any CPU
		{CA7CF7EC-4071-4E77-96D7-DFF8E3936B83}.Release|Any CPU.ActiveCfg = Release|Any CPU
		{CA7CF7EC-4071-4E77-96D7-DFF8E3936B83}.Release|Any CPU.Build.0 = Release|Any CPU
	EndGlobalSection
	GlobalSection(SolutionProperties) = preSolution
		HideSolutionNode = FALSE
	EndGlobalSection
	GlobalSection(ExtensibilityGlobals) = postSolution
		SolutionGuid = {0E3FF99B-EEFB-4B9B-938B-335D3C9DE21B}
	EndGlobalSection
EndGlobal
